
Microsoft Visual Studio Solution File, Format Version 12.00
# Visual Studio Version 16
VisualStudioVersion = 16.0.31624.102
MinimumVisualStudioVersion = 10.0.40219.1
Project("{8BC9CEB8-8B4A-11D0-8D11-00A0C91BC942}") = "WordBook_BinaryTreeLibrary_GUI(22.02.08)", "WordBook_BinaryTreeLibrary_GUI(22.02.08)\WordBook_BinaryTreeLibrary_GUI(22.02.08).vcxproj", "{3E47F490-2672-4303-BFEE-1AEA71BEEC8C}"
EndProject
Global
	GlobalSection(SolutionConfigurationPlatforms) = preSolution
		Debug|x64 = Debug|x64
		Debug|x86 = Debug|x86
		Release|x64 = Release|x64
		Release|x86 = Release|x86
	EndGlobalSection
	GlobalSection(ProjectConfigurationPlatforms) = postSolution
		{3E47F490-2672-4303-BFEE-1AEA71BEEC8C}.Debug|x64.ActiveCfg = Debug|x64
		{3E47F490-2672-4303-BFEE-1AEA71BEEC8C}.Debug|x64.Build.0 = Debug|x64
		{3E47F490-2672-4303-BFEE-1AEA71BEEC8C}.Debug|x86.ActiveCfg = Debug|Win32
		{3E47F490-2672-4303-BFEE-1AEA71BEEC8C}.Debug|x86.Build.0 = Debug|Win32
		{3E47F490-2672-4303-BFEE-1AEA71BEEC8C}.Release|x64.ActiveCfg = Release|x64
		{3E47F490-2672-4303-BFEE-1AEA71BEEC8C}.Release|x64.Build.0 = Release|x64
		{3E47F490-2672-4303-BFEE-1AEA71BEEC8C}.Release|x86.ActiveCfg = Release|Win32
		{3E47F490-2672-4303-BFEE-1AEA71BEEC8C}.Release|x86.Build.0 = Release|Win32
	EndGlobalSection
	GlobalSection(SolutionProperties) = preSolution
		HideSolutionNode = FALSE
	EndGlobalSection
	GlobalSection(ExtensibilityGlobals) = postSolution
		SolutionGuid = {3209DF48-E754-4F1A-BA7C-5CCE2E9FFF75}
	EndGlobalSection
EndGlobal
